// !$*UTF8*$!
{
	archiveVersion = 1;
	classes = {
	};
	objectVersion = 48;
	objects = {

/* Begin PBXBuildFile section */
		869864FEFC541059939427AA /* Pods_Smack.framework in Frameworks */ = {isa = PBXBuildFile; fileRef = 99B61CA81635969BEEEE2C01 /* Pods_Smack.framework */; };
		F907D6751F7F614400F930E6 /* RoundedButton.swift in Sources */ = {isa = PBXBuildFile; fileRef = F907D6741F7F614400F930E6 /* RoundedButton.swift */; };
		F907D6771F7F6DA100F930E6 /* UserDataService.swift in Sources */ = {isa = PBXBuildFile; fileRef = F907D6761F7F6DA100F930E6 /* UserDataService.swift */; };
		F9219DE91F7F4080004CACDB /* AuthService.swift in Sources */ = {isa = PBXBuildFile; fileRef = F9219DE81F7F4080004CACDB /* AuthService.swift */; };
		F9306B921F921D1A00DB820B /* CircleImage.swift in Sources */ = {isa = PBXBuildFile; fileRef = F9306B911F921D1A00DB820B /* CircleImage.swift */; };
		F93BF79E1F7B160400AFDABC /* AppDelegate.swift in Sources */ = {isa = PBXBuildFile; fileRef = F93BF79D1F7B160400AFDABC /* AppDelegate.swift */; };
		F93BF7A31F7B160400AFDABC /* Main.storyboard in Resources */ = {isa = PBXBuildFile; fileRef = F93BF7A11F7B160400AFDABC /* Main.storyboard */; };
		F93BF7A51F7B160400AFDABC /* Assets.xcassets in Resources */ = {isa = PBXBuildFile; fileRef = F93BF7A41F7B160400AFDABC /* Assets.xcassets */; };
		F93BF7A81F7B160400AFDABC /* LaunchScreen.storyboard in Resources */ = {isa = PBXBuildFile; fileRef = F93BF7A61F7B160400AFDABC /* LaunchScreen.storyboard */; };
		F93BF7B71F7B3AB400AFDABC /* ChatVC.swift in Sources */ = {isa = PBXBuildFile; fileRef = F93BF7B61F7B3AB400AFDABC /* ChatVC.swift */; };
		F93BF7B91F7B3ACA00AFDABC /* ChannelVC.swift in Sources */ = {isa = PBXBuildFile; fileRef = F93BF7B81F7B3ACA00AFDABC /* ChannelVC.swift */; };
		F93BF7BA1F7B3DAC00AFDABC /* SWRevealViewController.m in Sources */ = {isa = PBXBuildFile; fileRef = F93BF7B11F7B23E500AFDABC /* SWRevealViewController.m */; };
		F93BF7BC1F7B412200AFDABC /* GradientView.swift in Sources */ = {isa = PBXBuildFile; fileRef = F93BF7BB1F7B412200AFDABC /* GradientView.swift */; };
		F93BF7BF1F7B602E00AFDABC /* Constants.swift in Sources */ = {isa = PBXBuildFile; fileRef = F93BF7BE1F7B602E00AFDABC /* Constants.swift */; };
		F93BF7C31F7B65DA00AFDABC /* LoginVC.swift in Sources */ = {isa = PBXBuildFile; fileRef = F93BF7C21F7B65DA00AFDABC /* LoginVC.swift */; };
		F93BF7C51F7B6D7D00AFDABC /* CreateAccountVC.swift in Sources */ = {isa = PBXBuildFile; fileRef = F93BF7C41F7B6D7D00AFDABC /* CreateAccountVC.swift */; };
		F97E30591F7F8D2D00295C5C /* AvatarPickerVC.swift in Sources */ = {isa = PBXBuildFile; fileRef = F97E30581F7F8D2D00295C5C /* AvatarPickerVC.swift */; };
		F97E305B1F7F8FF300295C5C /* AvatarCell.swift in Sources */ = {isa = PBXBuildFile; fileRef = F97E305A1F7F8FF300295C5C /* AvatarCell.swift */; };
/* End PBXBuildFile section */

/* Begin PBXFileReference section */
		940FDCA6B3EECE25E62BE656 /* Pods-Smack.debug.xcconfig */ = {isa = PBXFileReference; includeInIndex = 1; lastKnownFileType = text.xcconfig; name = "Pods-Smack.debug.xcconfig"; path = "Pods/Target Support Files/Pods-Smack/Pods-Smack.debug.xcconfig"; sourceTree = "<group>"; };
		99B61CA81635969BEEEE2C01 /* Pods_Smack.framework */ = {isa = PBXFileReference; explicitFileType = wrapper.framework; includeInIndex = 0; path = Pods_Smack.framework; sourceTree = BUILT_PRODUCTS_DIR; };
		C72BA447BBA83FC9B46737B4 /* Pods-Smack.release.xcconfig */ = {isa = PBXFileReference; includeInIndex = 1; lastKnownFileType = text.xcconfig; name = "Pods-Smack.release.xcconfig"; path = "Pods/Target Support Files/Pods-Smack/Pods-Smack.release.xcconfig"; sourceTree = "<group>"; };
		F907D6741F7F614400F930E6 /* RoundedButton.swift */ = {isa = PBXFileReference; lastKnownFileType = sourcecode.swift; path = RoundedButton.swift; sourceTree = "<group>"; };
		F907D6761F7F6DA100F930E6 /* UserDataService.swift */ = {isa = PBXFileReference; lastKnownFileType = sourcecode.swift; path = UserDataService.swift; sourceTree = "<group>"; };
		F9219DE81F7F4080004CACDB /* AuthService.swift */ = {isa = PBXFileReference; lastKnownFileType = sourcecode.swift; path = AuthService.swift; sourceTree = "<group>"; };
		F9306B911F921D1A00DB820B /* CircleImage.swift */ = {isa = PBXFileReference; lastKnownFileType = sourcecode.swift; path = CircleImage.swift; sourceTree = "<group>"; };
		F93BF79A1F7B160400AFDABC /* Smack.app */ = {isa = PBXFileReference; explicitFileType = wrapper.application; includeInIndex = 0; path = Smack.app; sourceTree = BUILT_PRODUCTS_DIR; };
		F93BF79D1F7B160400AFDABC /* AppDelegate.swift */ = {isa = PBXFileReference; lastKnownFileType = sourcecode.swift; path = AppDelegate.swift; sourceTree = "<group>"; };
		F93BF7A21F7B160400AFDABC /* Base */ = {isa = PBXFileReference; lastKnownFileType = file.storyboard; name = Base; path = Base.lproj/Main.storyboard; sourceTree = "<group>"; };
		F93BF7A41F7B160400AFDABC /* Assets.xcassets */ = {isa = PBXFileReference; lastKnownFileType = folder.assetcatalog; path = Assets.xcassets; sourceTree = "<group>"; };
		F93BF7A71F7B160400AFDABC /* Base */ = {isa = PBXFileReference; lastKnownFileType = file.storyboard; name = Base; path = Base.lproj/LaunchScreen.storyboard; sourceTree = "<group>"; };
		F93BF7A91F7B160400AFDABC /* Info.plist */ = {isa = PBXFileReference; lastKnownFileType = text.plist.xml; path = Info.plist; sourceTree = "<group>"; };
		F93BF7B01F7B23E400AFDABC /* Smack-Bridging-Header.h */ = {isa = PBXFileReference; lastKnownFileType = sourcecode.c.h; path = "Smack-Bridging-Header.h"; sourceTree = "<group>"; };
		F93BF7B11F7B23E500AFDABC /* SWRevealViewController.m */ = {isa = PBXFileReference; lastKnownFileType = sourcecode.c.objc; path = SWRevealViewController.m; sourceTree = "<group>"; };
		F93BF7B21F7B23E500AFDABC /* SWRevealViewController.h */ = {isa = PBXFileReference; lastKnownFileType = sourcecode.c.h; path = SWRevealViewController.h; sourceTree = "<group>"; };
		F93BF7B61F7B3AB400AFDABC /* ChatVC.swift */ = {isa = PBXFileReference; lastKnownFileType = sourcecode.swift; path = ChatVC.swift; sourceTree = "<group>"; };
		F93BF7B81F7B3ACA00AFDABC /* ChannelVC.swift */ = {isa = PBXFileReference; lastKnownFileType = sourcecode.swift; path = ChannelVC.swift; sourceTree = "<group>"; };
		F93BF7BB1F7B412200AFDABC /* GradientView.swift */ = {isa = PBXFileReference; lastKnownFileType = sourcecode.swift; path = GradientView.swift; sourceTree = "<group>"; };
		F93BF7BE1F7B602E00AFDABC /* Constants.swift */ = {isa = PBXFileReference; lastKnownFileType = sourcecode.swift; path = Constants.swift; sourceTree = "<group>"; };
		F93BF7C21F7B65DA00AFDABC /* LoginVC.swift */ = {isa = PBXFileReference; lastKnownFileType = sourcecode.swift; path = LoginVC.swift; sourceTree = "<group>"; };
		F93BF7C41F7B6D7D00AFDABC /* CreateAccountVC.swift */ = {isa = PBXFileReference; lastKnownFileType = sourcecode.swift; path = CreateAccountVC.swift; sourceTree = "<group>"; };
		F97E30581F7F8D2D00295C5C /* AvatarPickerVC.swift */ = {isa = PBXFileReference; lastKnownFileType = sourcecode.swift; path = AvatarPickerVC.swift; sourceTree = "<group>"; };
		F97E305A1F7F8FF300295C5C /* AvatarCell.swift */ = {isa = PBXFileReference; lastKnownFileType = sourcecode.swift; path = AvatarCell.swift; sourceTree = "<group>"; };
/* End PBXFileReference section */

/* Begin PBXFrameworksBuildPhase section */
		F93BF7971F7B160400AFDABC /* Frameworks */ = {
			isa = PBXFrameworksBuildPhase;
			buildActionMask = 2147483647;
			files = (
				869864FEFC541059939427AA /* Pods_Smack.framework in Frameworks */,
			);
			runOnlyForDeploymentPostprocessing = 0;
		};
/* End PBXFrameworksBuildPhase section */

/* Begin PBXGroup section */
		5070C1742EB6DC0F8C990CAF /* Pods */ = {
			isa = PBXGroup;
			children = (
				940FDCA6B3EECE25E62BE656 /* Pods-Smack.debug.xcconfig */,
				C72BA447BBA83FC9B46737B4 /* Pods-Smack.release.xcconfig */,
			);
			name = Pods;
			sourceTree = "<group>";
		};
		9F9E55AD407CE9F0678D707C /* Frameworks */ = {
			isa = PBXGroup;
			children = (
				99B61CA81635969BEEEE2C01 /* Pods_Smack.framework */,
			);
			name = Frameworks;
			sourceTree = "<group>";
		};
		F9219DE71F7F4055004CACDB /* Services */ = {
			isa = PBXGroup;
			children = (
				F9219DE81F7F4080004CACDB /* AuthService.swift */,
				F907D6761F7F6DA100F930E6 /* UserDataService.swift */,
			);
			path = Services;
			sourceTree = "<group>";
		};
		F93BF7911F7B160400AFDABC = {
			isa = PBXGroup;
			children = (
				F93BF79C1F7B160400AFDABC /* Smack */,
				F93BF79B1F7B160400AFDABC /* Products */,
				5070C1742EB6DC0F8C990CAF /* Pods */,
				9F9E55AD407CE9F0678D707C /* Frameworks */,
			);
			sourceTree = "<group>";
		};
		F93BF79B1F7B160400AFDABC /* Products */ = {
			isa = PBXGroup;
			children = (
				F93BF79A1F7B160400AFDABC /* Smack.app */,
			);
			name = Products;
			sourceTree = "<group>";
		};
		F93BF79C1F7B160400AFDABC /* Smack */ = {
			isa = PBXGroup;
			children = (
				F9219DE71F7F4055004CACDB /* Services */,
				F93BF7BD1F7B601D00AFDABC /* Utilities */,
				F93BF7B51F7B3A9700AFDABC /* Model */,
				F93BF7B41F7B3A8F00AFDABC /* View */,
				F93BF7B31F7B3A8600AFDABC /* Controller */,
				F93BF7AF1F7B23C200AFDABC /* Supporting Files */,
				F93BF79D1F7B160400AFDABC /* AppDelegate.swift */,
				F93BF7A11F7B160400AFDABC /* Main.storyboard */,
				F93BF7A41F7B160400AFDABC /* Assets.xcassets */,
				F93BF7A61F7B160400AFDABC /* LaunchScreen.storyboard */,
				F93BF7A91F7B160400AFDABC /* Info.plist */,
			);
			path = Smack;
			sourceTree = "<group>";
		};
		F93BF7AF1F7B23C200AFDABC /* Supporting Files */ = {
			isa = PBXGroup;
			children = (
				F93BF7B21F7B23E500AFDABC /* SWRevealViewController.h */,
				F93BF7B11F7B23E500AFDABC /* SWRevealViewController.m */,
				F93BF7B01F7B23E400AFDABC /* Smack-Bridging-Header.h */,
			);
			path = "Supporting Files";
			sourceTree = "<group>";
		};
		F93BF7B31F7B3A8600AFDABC /* Controller */ = {
			isa = PBXGroup;
			children = (
				F93BF7B61F7B3AB400AFDABC /* ChatVC.swift */,
				F93BF7B81F7B3ACA00AFDABC /* ChannelVC.swift */,
				F93BF7C21F7B65DA00AFDABC /* LoginVC.swift */,
				F93BF7C41F7B6D7D00AFDABC /* CreateAccountVC.swift */,
				F97E30581F7F8D2D00295C5C /* AvatarPickerVC.swift */,
			);
			path = Controller;
			sourceTree = "<group>";
		};
		F93BF7B41F7B3A8F00AFDABC /* View */ = {
			isa = PBXGroup;
			children = (
				F93BF7BB1F7B412200AFDABC /* GradientView.swift */,
				F907D6741F7F614400F930E6 /* RoundedButton.swift */,
				F97E305A1F7F8FF300295C5C /* AvatarCell.swift */,
				F9306B911F921D1A00DB820B /* CircleImage.swift */,
			);
			path = View;
			sourceTree = "<group>";
		};
		F93BF7B51F7B3A9700AFDABC /* Model */ = {
			isa = PBXGroup;
			children = (
			);
			path = Model;
			sourceTree = "<group>";
		};
		F93BF7BD1F7B601D00AFDABC /* Utilities */ = {
			isa = PBXGroup;
			children = (
				F93BF7BE1F7B602E00AFDABC /* Constants.swift */,
			);
			path = Utilities;
			sourceTree = "<group>";
		};
/* End PBXGroup section */

/* Begin PBXNativeTarget section */
		F93BF7991F7B160400AFDABC /* Smack */ = {
			isa = PBXNativeTarget;
			buildConfigurationList = F93BF7AC1F7B160400AFDABC /* Build configuration list for PBXNativeTarget "Smack" */;
			buildPhases = (
				FF25B40E4178D431F1E16928 /* [CP] Check Pods Manifest.lock */,
				F93BF7961F7B160400AFDABC /* Sources */,
				F93BF7971F7B160400AFDABC /* Frameworks */,
				F93BF7981F7B160400AFDABC /* Resources */,
				85956944DDBB05D2A4636B38 /* [CP] Embed Pods Frameworks */,
				A8556CD42B9E866D263E05A1 /* [CP] Copy Pods Resources */,
			);
			buildRules = (
			);
			dependencies = (
			);
			name = Smack;
			productName = Smack;
			productReference = F93BF79A1F7B160400AFDABC /* Smack.app */;
			productType = "com.apple.product-type.application";
		};
/* End PBXNativeTarget section */

/* Begin PBXProject section */
		F93BF7921F7B160400AFDABC /* Project object */ = {
			isa = PBXProject;
			attributes = {
				LastSwiftUpdateCheck = 0900;
				LastUpgradeCheck = 0900;
				ORGANIZATIONNAME = "Lucrement IVS";
				TargetAttributes = {
					F93BF7991F7B160400AFDABC = {
						CreatedOnToolsVersion = 9.0;
						LastSwiftMigration = 0900;
						ProvisioningStyle = Automatic;
					};
				};
			};
			buildConfigurationList = F93BF7951F7B160400AFDABC /* Build configuration list for PBXProject "Smack" */;
			compatibilityVersion = "Xcode 8.0";
			developmentRegion = en;
			hasScannedForEncodings = 0;
			knownRegions = (
				en,
				Base,
			);
			mainGroup = F93BF7911F7B160400AFDABC;
			productRefGroup = F93BF79B1F7B160400AFDABC /* Products */;
			projectDirPath = "";
			projectRoot = "";
			targets = (
				F93BF7991F7B160400AFDABC /* Smack */,
			);
		};
/* End PBXProject section */

/* Begin PBXResourcesBuildPhase section */
		F93BF7981F7B160400AFDABC /* Resources */ = {
			isa = PBXResourcesBuildPhase;
			buildActionMask = 2147483647;
			files = (
				F93BF7A81F7B160400AFDABC /* LaunchScreen.storyboard in Resources */,
				F93BF7A51F7B160400AFDABC /* Assets.xcassets in Resources */,
				F93BF7A31F7B160400AFDABC /* Main.storyboard in Resources */,
			);
			runOnlyForDeploymentPostprocessing = 0;
		};
/* End PBXResourcesBuildPhase section */

/* Begin PBXShellScriptBuildPhase section */
		85956944DDBB05D2A4636B38 /* [CP] Embed Pods Frameworks */ = {
			isa = PBXShellScriptBuildPhase;
			buildActionMask = 2147483647;
			files = (
			);
			inputPaths = (
			);
			name = "[CP] Embed Pods Frameworks";
			outputPaths = (
			);
			runOnlyForDeploymentPostprocessing = 0;
			shellPath = /bin/sh;
			shellScript = "\"${SRCROOT}/Pods/Target Support Files/Pods-Smack/Pods-Smack-frameworks.sh\"\n";
			showEnvVarsInLog = 0;
		};
		A8556CD42B9E866D263E05A1 /* [CP] Copy Pods Resources */ = {
			isa = PBXShellScriptBuildPhase;
			buildActionMask = 2147483647;
			files = (
			);
			inputPaths = (
			);
			name = "[CP] Copy Pods Resources";
			outputPaths = (
			);
			runOnlyForDeploymentPostprocessing = 0;
			shellPath = /bin/sh;
			shellScript = "\"${SRCROOT}/Pods/Target Support Files/Pods-Smack/Pods-Smack-resources.sh\"\n";
			showEnvVarsInLog = 0;
		};
		FF25B40E4178D431F1E16928 /* [CP] Check Pods Manifest.lock */ = {
			isa = PBXShellScriptBuildPhase;
			buildActionMask = 2147483647;
			files = (
			);
			inputPaths = (
			);
			name = "[CP] Check Pods Manifest.lock";
			outputPaths = (
			);
			runOnlyForDeploymentPostprocessing = 0;
			shellPath = /bin/sh;
			shellScript = "diff \"${PODS_ROOT}/../Podfile.lock\" \"${PODS_ROOT}/Manifest.lock\" > /dev/null\nif [ $? != 0 ] ; then\n    # print error to STDERR\n    echo \"error: The sandbox is not in sync with the Podfile.lock. Run 'pod install' or update your CocoaPods installation.\" >&2\n    exit 1\nfi\n";
			showEnvVarsInLog = 0;
		};
/* End PBXShellScriptBuildPhase section */

/* Begin PBXSourcesBuildPhase section */
		F93BF7961F7B160400AFDABC /* Sources */ = {
			isa = PBXSourcesBuildPhase;
			buildActionMask = 2147483647;
			files = (
				F93BF7B71F7B3AB400AFDABC /* ChatVC.swift in Sources */,
				F97E30591F7F8D2D00295C5C /* AvatarPickerVC.swift in Sources */,
				F907D6751F7F614400F930E6 /* RoundedButton.swift in Sources */,
				F9306B921F921D1A00DB820B /* CircleImage.swift in Sources */,
				F93BF7B91F7B3ACA00AFDABC /* ChannelVC.swift in Sources */,
				F907D6771F7F6DA100F930E6 /* UserDataService.swift in Sources */,
				F93BF7C51F7B6D7D00AFDABC /* CreateAccountVC.swift in Sources */,
				F9219DE91F7F4080004CACDB /* AuthService.swift in Sources */,
				F93BF7C31F7B65DA00AFDABC /* LoginVC.swift in Sources */,
				F93BF7BC1F7B412200AFDABC /* GradientView.swift in Sources */,
				F97E305B1F7F8FF300295C5C /* AvatarCell.swift in Sources */,
				F93BF79E1F7B160400AFDABC /* AppDelegate.swift in Sources */,
				F93BF7BA1F7B3DAC00AFDABC /* SWRevealViewController.m in Sources */,
				F93BF7BF1F7B602E00AFDABC /* Constants.swift in Sources */,
			);
			runOnlyForDeploymentPostprocessing = 0;
		};
/* End PBXSourcesBuildPhase section */

/* Begin PBXVariantGroup section */
		F93BF7A11F7B160400AFDABC /* Main.storyboard */ = {
			isa = PBXVariantGroup;
			children = (
				F93BF7A21F7B160400AFDABC /* Base */,
			);
			name = Main.storyboard;
			sourceTree = "<group>";
		};
		F93BF7A61F7B160400AFDABC /* LaunchScreen.storyboard */ = {
			isa = PBXVariantGroup;
			children = (
				F93BF7A71F7B160400AFDABC /* Base */,
			);
			name = LaunchScreen.storyboard;
			sourceTree = "<group>";
		};
/* End PBXVariantGroup section */

/* Begin XCBuildConfiguration section */
		F93BF7AA1F7B160400AFDABC /* Debug */ = {
			isa = XCBuildConfiguration;
			buildSettings = {
				ALWAYS_SEARCH_USER_PATHS = NO;
				CLANG_ANALYZER_NONNULL = YES;
				CLANG_ANALYZER_NUMBER_OBJECT_CONVERSION = YES_AGGRESSIVE;
				CLANG_CXX_LANGUAGE_STANDARD = "gnu++14";
				CLANG_CXX_LIBRARY = "libc++";
				CLANG_ENABLE_MODULES = YES;
				CLANG_ENABLE_OBJC_ARC = YES;
				CLANG_WARN_BLOCK_CAPTURE_AUTORELEASING = YES;
				CLANG_WARN_BOOL_CONVERSION = YES;
				CLANG_WARN_COMMA = YES;
				CLANG_WARN_CONSTANT_CONVERSION = YES;
				CLANG_WARN_DIRECT_OBJC_ISA_USAGE = YES_ERROR;
				CLANG_WARN_DOCUMENTATION_COMMENTS = YES;
				CLANG_WARN_EMPTY_BODY = YES;
				CLANG_WARN_ENUM_CONVERSION = YES;
				CLANG_WARN_INFINITE_RECURSION = YES;
				CLANG_WARN_INT_CONVERSION = YES;
				CLANG_WARN_NON_LITERAL_NULL_CONVERSION = YES;
				CLANG_WARN_OBJC_LITERAL_CONVERSION = YES;
				CLANG_WARN_OBJC_ROOT_CLASS = YES_ERROR;
				CLANG_WARN_RANGE_LOOP_ANALYSIS = YES;
				CLANG_WARN_STRICT_PROTOTYPES = YES;
				CLANG_WARN_SUSPICIOUS_MOVE = YES;
				CLANG_WARN_UNGUARDED_AVAILABILITY = YES_AGGRESSIVE;
				CLANG_WARN_UNREACHABLE_CODE = YES;
				CLANG_WARN__DUPLICATE_METHOD_MATCH = YES;
				CODE_SIGN_IDENTITY = "iPhone Developer";
				COPY_PHASE_STRIP = NO;
				DEBUG_INFORMATION_FORMAT = dwarf;
				ENABLE_STRICT_OBJC_MSGSEND = YES;
				ENABLE_TESTABILITY = YES;
				GCC_C_LANGUAGE_STANDARD = gnu11;
				GCC_DYNAMIC_NO_PIC = NO;
				GCC_NO_COMMON_BLOCKS = YES;
				GCC_OPTIMIZATION_LEVEL = 0;
				GCC_PREPROCESSOR_DEFINITIONS = (
					"DEBUG=1",
					"$(inherited)",
				);
				GCC_WARN_64_TO_32_BIT_CONVERSION = YES;
				GCC_WARN_ABOUT_RETURN_TYPE = YES_ERROR;
				GCC_WARN_UNDECLARED_SELECTOR = YES;
				GCC_WARN_UNINITIALIZED_AUTOS = YES_AGGRESSIVE;
				GCC_WARN_UNUSED_FUNCTION = YES;
				GCC_WARN_UNUSED_VARIABLE = YES;
				IPHONEOS_DEPLOYMENT_TARGET = 11.0;
				MTL_ENABLE_DEBUG_INFO = YES;
				ONLY_ACTIVE_ARCH = YES;
				SDKROOT = iphoneos;
				SWIFT_ACTIVE_COMPILATION_CONDITIONS = DEBUG;
				SWIFT_OPTIMIZATION_LEVEL = "-Onone";
			};
			name = Debug;
		};
		F93BF7AB1F7B160400AFDABC /* Release */ = {
			isa = XCBuildConfiguration;
			buildSettings = {
				ALWAYS_SEARCH_USER_PATHS = NO;
				CLANG_ANALYZER_NONNULL = YES;
				CLANG_ANALYZER_NUMBER_OBJECT_CONVERSION = YES_AGGRESSIVE;
				CLANG_CXX_LANGUAGE_STANDARD = "gnu++14";
				CLANG_CXX_LIBRARY = "libc++";
				CLANG_ENABLE_MODULES = YES;
				CLANG_ENABLE_OBJC_ARC = YES;
				CLANG_WARN_BLOCK_CAPTURE_AUTORELEASING = YES;
				CLANG_WARN_BOOL_CONVERSION = YES;
				CLANG_WARN_COMMA = YES;
				CLANG_WARN_CONSTANT_CONVERSION = YES;
				CLANG_WARN_DIRECT_OBJC_ISA_USAGE = YES_ERROR;
				CLANG_WARN_DOCUMENTATION_COMMENTS = YES;
				CLANG_WARN_EMPTY_BODY = YES;
				CLANG_WARN_ENUM_CONVERSION = YES;
				CLANG_WARN_INFINITE_RECURSION = YES;
				CLANG_WARN_INT_CONVERSION = YES;
				CLANG_WARN_NON_LITERAL_NULL_CONVERSION = YES;
				CLANG_WARN_OBJC_LITERAL_CONVERSION = YES;
				CLANG_WARN_OBJC_ROOT_CLASS = YES_ERROR;
				CLANG_WARN_RANGE_LOOP_ANALYSIS = YES;
				CLANG_WARN_STRICT_PROTOTYPES = YES;
				CLANG_WARN_SUSPICIOUS_MOVE = YES;
				CLANG_WARN_UNGUARDED_AVAILABILITY = YES_AGGRESSIVE;
				CLANG_WARN_UNREACHABLE_CODE = YES;
				CLANG_WARN__DUPLICATE_METHOD_MATCH = YES;
				CODE_SIGN_IDENTITY = "iPhone Developer";
				COPY_PHASE_STRIP = NO;
				DEBUG_INFORMATION_FORMAT = "dwarf-with-dsym";
				ENABLE_NS_ASSERTIONS = NO;
				ENABLE_STRICT_OBJC_MSGSEND = YES;
				GCC_C_LANGUAGE_STANDARD = gnu11;
				GCC_NO_COMMON_BLOCKS = YES;
				GCC_WARN_64_TO_32_BIT_CONVERSION = YES;
				GCC_WARN_ABOUT_RETURN_TYPE = YES_ERROR;
				GCC_WARN_UNDECLARED_SELECTOR = YES;
				GCC_WARN_UNINITIALIZED_AUTOS = YES_AGGRESSIVE;
				GCC_WARN_UNUSED_FUNCTION = YES;
				GCC_WARN_UNUSED_VARIABLE = YES;
				IPHONEOS_DEPLOYMENT_TARGET = 11.0;
				MTL_ENABLE_DEBUG_INFO = NO;
				SDKROOT = iphoneos;
				SWIFT_OPTIMIZATION_LEVEL = "-Owholemodule";
				VALIDATE_PRODUCT = YES;
			};
			name = Release;
		};
		F93BF7AD1F7B160400AFDABC /* Debug */ = {
			isa = XCBuildConfiguration;
			baseConfigurationReference = 940FDCA6B3EECE25E62BE656 /* Pods-Smack.debug.xcconfig */;
			buildSettings = {
				ASSETCATALOG_COMPILER_APPICON_NAME = AppIcon;
				CLANG_ENABLE_MODULES = YES;
				"CODE_SIGN_IDENTITY[sdk=iphoneos*]" = "iPhone Developer";
				CODE_SIGN_STYLE = Automatic;
				DEVELOPMENT_TEAM = XBEG77376X;
				INFOPLIST_FILE = Smack/Info.plist;
				LD_RUNPATH_SEARCH_PATHS = "$(inherited) @executable_path/Frameworks";
				PRODUCT_BUNDLE_IDENTIFIER = com.steffenmeilsoe.Smack;
				PRODUCT_NAME = "$(TARGET_NAME)";
				PROVISIONING_PROFILE_SPECIFIER = "";
				SWIFT_OBJC_BRIDGING_HEADER = "Smack/Supporting Files/Smack-Bridging-Header.h";
				SWIFT_OPTIMIZATION_LEVEL = "-Onone";
				SWIFT_VERSION = 4.0;
				TARGETED_DEVICE_FAMILY = "1,2";
			};
			name = Debug;
		};
		F93BF7AE1F7B160400AFDABC /* Release */ = {
			isa = XCBuildConfiguration;
			baseConfigurationReference = C72BA447BBA83FC9B46737B4 /* Pods-Smack.release.xcconfig */;
			buildSettings = {
				ASSETCATALOG_COMPILER_APPICON_NAME = AppIcon;
				CLANG_ENABLE_MODULES = YES;
				"CODE_SIGN_IDENTITY[sdk=iphoneos*]" = "iPhone Developer";
				CODE_SIGN_STYLE = Automatic;
				DEVELOPMENT_TEAM = XBEG77376X;
				INFOPLIST_FILE = Smack/Info.plist;
				LD_RUNPATH_SEARCH_PATHS = "$(inherited) @executable_path/Frameworks";
				PRODUCT_BUNDLE_IDENTIFIER = com.steffenmeilsoe.Smack;
				PRODUCT_NAME = "$(TARGET_NAME)";
				PROVISIONING_PROFILE_SPECIFIER = "";
				SWIFT_OBJC_BRIDGING_HEADER = "Smack/Supporting Files/Smack-Bridging-Header.h";
				SWIFT_VERSION = 4.0;
				TARGETED_DEVICE_FAMILY = "1,2";
			};
			name = Release;
		};
/* End XCBuildConfiguration section */

/* Begin XCConfigurationList section */
		F93BF7951F7B160400AFDABC /* Build configuration list for PBXProject "Smack" */ = {
			isa = XCConfigurationList;
			buildConfigurations = (
				F93BF7AA1F7B160400AFDABC /* Debug */,
				F93BF7AB1F7B160400AFDABC /* Release */,
			);
			defaultConfigurationIsVisible = 0;
			defaultConfigurationName = Release;
		};
		F93BF7AC1F7B160400AFDABC /* Build configuration list for PBXNativeTarget "Smack" */ = {
			isa = XCConfigurationList;
			buildConfigurations = (
				F93BF7AD1F7B160400AFDABC /* Debug */,
				F93BF7AE1F7B160400AFDABC /* Release */,
			);
			defaultConfigurationIsVisible = 0;
			defaultConfigurationName = Release;
		};
/* End XCConfigurationList section */
	};
	rootObject = F93BF7921F7B160400AFDABC /* Project object */;
}
